{
  "lockfile_version": "1",
  "packages": {
    "nodejs@18.16.0": {
      "last_modified": "2023-05-25T03:54:59Z",
      "resolved": "github:NixOS/nixpkgs/8d4d822bc0efa9de6eddc79cb0d82897a9baa750#nodejs_18",
      "version": "18.16.0"
    },
    "yarn@1.22.19": {
      "last_modified": "2023-05-25T03:54:59Z",
      "resolved": "github:NixOS/nixpkgs/8d4d822bc0efa9de6eddc79cb0d82897a9baa750#yarn",
      "version": "1.22.19"
    }
  }
}